{
  "name": "functions",
  "version": "1.0.0",
  "lockfileVersion": 1,
  "requires": true,
  "dependencies": {
    "@types/node": {
      "version": "14.0.27",
      "resolved": "https://registry.npmjs.org/@types/node/-/node-14.0.27.tgz",
      "integrity": "sha512-kVrqXhbclHNHGu9ztnAwSncIgJv/FaxmzXJvGXNdcCpV1b8u1/Mi6z6m0vwy0LzKeXFTPLH0NzwmoJ3fNCIq0g=="
    },
    "node-fetch": {
      "version": "2.6.0",
      "resolved": "https://registry.npmjs.org/node-fetch/-/node-fetch-2.6.0.tgz",
      "integrity": "sha512-8dG4H5ujfvFiqDmVu9fQ5bOHUC15JMjMY/Zumv26oOvvVJjM67KF8koCWIabKQ1GJIa9r2mMZscBq/TbdOcmNA=="
    },
    "qs": {
      "version": "6.9.4",
      "resolved": "https://registry.npmjs.org/qs/-/qs-6.9.4.tgz",
      "integrity": "sha512-A1kFqHekCTM7cz0udomYUoYNWjBebHm/5wzU/XqrBRBNWectVH0QIiN+NEcZ0Dte5hvzHwbr8+XQmguPhJ6WdQ=="
    },
    "stripe": {
      "version": "8.86.0",
      "resolved": "https://registry.npmjs.org/stripe/-/stripe-8.86.0.tgz",
      "integrity": "sha512-E7Njw+h50TZys2G8QBipIbYQzDVC9L9WT+4Zb1JBepS5ZkWrAJxbk9DXETrs23xj/3jzSevjMelfy3YxN0qFZQ==",
      "requires": {
        "@types/node": ">=8.1.0",
        "qs": "^6.6.0"
      }
    }
  }
}
